
Microsoft Visual Studio Solution File, Format Version 12.00
# Visual Studio Version 17
VisualStudioVersion = 17.2.32526.322
MinimumVisualStudioVersion = 10.0.40219.1
Project("{9A19103F-16F7-4668-BE54-9A1E7A4F7556}") = "Behavioral.Observer", "Behavioral.Observer.csproj", "{BE5C1C3F-C842-4083-86A8-0511C92A2D5A}"
EndProject
Global
	GlobalSection(SolutionConfigurationPlatforms) = preSolution
		Debug|Any CPU = Debug|Any CPU
		Release|Any CPU = Release|Any CPU
	EndGlobalSection
	GlobalSection(ProjectConfigurationPlatforms) = postSolution
		{BE5C1C3F-C842-4083-86A8-0511C92A2D5A}.Debug|Any CPU.ActiveCfg = Debug|Any CPU
		{BE5C1C3F-C842-4083-86A8-0511C92A2D5A}.Debug|Any CPU.Build.0 = Debug|Any CPU
		{BE5C1C3F-C842-4083-86A8-0511C92A2D5A}.Release|Any CPU.ActiveCfg = Release|Any CPU
		{BE5C1C3F-C842-4083-86A8-0511C92A2D5A}.Release|Any CPU.Build.0 = Release|Any CPU
	EndGlobalSection
	GlobalSection(SolutionProperties) = preSolution
		HideSolutionNode = FALSE
	EndGlobalSection
	GlobalSection(ExtensibilityGlobals) = postSolution
		SolutionGuid = {31745673-BCEB-461D-8A76-6BE611E55E90}
	EndGlobalSection
EndGlobal
